
Microsoft Visual Studio Solution File, Format Version 12.00
# Visual Studio Version 16
VisualStudioVersion = 16.0.32407.337
MinimumVisualStudioVersion = 10.0.40219.1
Project("{FAE04EC0-301F-11D3-BF4B-00C04F79EFBC}") = "CubeApp", "CubeApp.csproj", "{68984A17-CE9D-4C67-A8B2-DF45F91B2566}"
EndProject
Global
	GlobalSection(SolutionConfigurationPlatforms) = preSolution
		Debug|Any CPU = Debug|Any CPU
		Release|Any CPU = Release|Any CPU
	EndGlobalSection
	GlobalSection(ProjectConfigurationPlatforms) = postSolution
		{68984A17-CE9D-4C67-A8B2-DF45F91B2566}.Debug|Any CPU.ActiveCfg = Debug|Any CPU
		{68984A17-CE9D-4C67-A8B2-DF45F91B2566}.Debug|Any CPU.Build.0 = Debug|Any CPU
		{68984A17-CE9D-4C67-A8B2-DF45F91B2566}.Release|Any CPU.ActiveCfg = Release|Any CPU
		{68984A17-CE9D-4C67-A8B2-DF45F91B2566}.Release|Any CPU.Build.0 = Release|Any CPU
	EndGlobalSection
	GlobalSection(SolutionProperties) = preSolution
		HideSolutionNode = FALSE
	EndGlobalSection
	GlobalSection(ExtensibilityGlobals) = postSolution
		SolutionGuid = {2AB02BC4-5869-4E0C-8ACF-F7FB4F1CBBB3}
	EndGlobalSection
EndGlobal
